
Microsoft Visual Studio Solution File, Format Version 12.00
# Visual Studio Version 17
VisualStudioVersion = 17.12.35527.113
MinimumVisualStudioVersion = 10.0.40219.1
Project("{FAE04EC0-301F-11D3-BF4B-00C04F79EFBC}") = "todolist", "todolist\todolist.csproj", "{E0D8F3FC-E62C-407F-9537-6F7735B7F08E}"
EndProject
Project("{2150E333-8FDC-42A3-9474-1A3956D46DE8}") = "Solution Items", "Solution Items", "{849F3172-C066-4198-824A-1A4650A77294}"
	ProjectSection(SolutionItems) = preProject
		index.html = index.html
		script.js = script.js
		styles.css = styles.css
	EndProjectSection
EndProject
Global
	GlobalSection(SolutionConfigurationPlatforms) = preSolution
		Debug|Any CPU = Debug|Any CPU
		Release|Any CPU = Release|Any CPU
	EndGlobalSection
	GlobalSection(ProjectConfigurationPlatforms) = postSolution
		{E0D8F3FC-E62C-407F-9537-6F7735B7F08E}.Debug|Any CPU.ActiveCfg = Debug|Any CPU
		{E0D8F3FC-E62C-407F-9537-6F7735B7F08E}.Debug|Any CPU.Build.0 = Debug|Any CPU
		{E0D8F3FC-E62C-407F-9537-6F7735B7F08E}.Release|Any CPU.ActiveCfg = Release|Any CPU
		{E0D8F3FC-E62C-407F-9537-6F7735B7F08E}.Release|Any CPU.Build.0 = Release|Any CPU
	EndGlobalSection
	GlobalSection(SolutionProperties) = preSolution
		HideSolutionNode = FALSE
	EndGlobalSection
EndGlobal
